
Microsoft Visual Studio Solution File, Format Version 12.00
# Visual Studio 15
VisualStudioVersion = 15.0.28307.1267
MinimumVisualStudioVersion = 10.0.40219.1
Project("{FAE04EC0-301F-11D3-BF4B-00C04F79EFBC}") = "DemoLibrary", "DemoLibrary\DemoLibrary.csproj", "{154D43B1-0E49-4047-ABFA-5ACFA614B846}"
EndProject
Project("{FAE04EC0-301F-11D3-BF4B-00C04F79EFBC}") = "SQLiteSample1", "SQLiteSample1\SQLiteSample1.csproj", "{2E5F3410-0C8F-4216-8ED8-52AB08645BA7}"
EndProject
Project("{54435603-DBB4-11D2-8724-00A0C9A8B90C}") = "SQLiteSampleSetup2", "SQLiteSampleSetup2\SQLiteSampleSetup2.vdproj", "{E4C2511B-FD39-45BE-A5FE-F17A80959E60}"
EndProject
Global
	GlobalSection(SolutionConfigurationPlatforms) = preSolution
		Debug|Any CPU = Debug|Any CPU
		Release|Any CPU = Release|Any CPU
	EndGlobalSection
	GlobalSection(ProjectConfigurationPlatforms) = postSolution
		{154D43B1-0E49-4047-ABFA-5ACFA614B846}.Debug|Any CPU.ActiveCfg = Debug|Any CPU
		{154D43B1-0E49-4047-ABFA-5ACFA614B846}.Debug|Any CPU.Build.0 = Debug|Any CPU
		{154D43B1-0E49-4047-ABFA-5ACFA614B846}.Release|Any CPU.ActiveCfg = Release|Any CPU
		{154D43B1-0E49-4047-ABFA-5ACFA614B846}.Release|Any CPU.Build.0 = Release|Any CPU
		{2E5F3410-0C8F-4216-8ED8-52AB08645BA7}.Debug|Any CPU.ActiveCfg = Debug|Any CPU
		{2E5F3410-0C8F-4216-8ED8-52AB08645BA7}.Debug|Any CPU.Build.0 = Debug|Any CPU
		{2E5F3410-0C8F-4216-8ED8-52AB08645BA7}.Release|Any CPU.ActiveCfg = Release|Any CPU
		{2E5F3410-0C8F-4216-8ED8-52AB08645BA7}.Release|Any CPU.Build.0 = Release|Any CPU
		{E4C2511B-FD39-45BE-A5FE-F17A80959E60}.Debug|Any CPU.ActiveCfg = Debug
		{E4C2511B-FD39-45BE-A5FE-F17A80959E60}.Release|Any CPU.ActiveCfg = Release
	EndGlobalSection
	GlobalSection(SolutionProperties) = preSolution
		HideSolutionNode = FALSE
	EndGlobalSection
	GlobalSection(ExtensibilityGlobals) = postSolution
		SolutionGuid = {EA70ED96-7DF6-4ECE-BA69-61C87EF62E6E}
	EndGlobalSection
EndGlobal
